
Microsoft Visual Studio Solution File, Format Version 12.00
# Visual Studio Version 16
VisualStudioVersion = 16.0.34407.143
MinimumVisualStudioVersion = 10.0.40219.1
Project("{FAE04EC0-301F-11D3-BF4B-00C04F79EFBC}") = "Milestone_GUI", "Milestone_GUI\Milestone_GUI.csproj", "{44760BCB-DBD9-40E4-BE67-7FFEDA50AA5E}"
EndProject
Global
	GlobalSection(SolutionConfigurationPlatforms) = preSolution
		Debug|Any CPU = Debug|Any CPU
		Release|Any CPU = Release|Any CPU
	EndGlobalSection
	GlobalSection(ProjectConfigurationPlatforms) = postSolution
		{44760BCB-DBD9-40E4-BE67-7FFEDA50AA5E}.Debug|Any CPU.ActiveCfg = Debug|Any CPU
		{44760BCB-DBD9-40E4-BE67-7FFEDA50AA5E}.Debug|Any CPU.Build.0 = Debug|Any CPU
		{44760BCB-DBD9-40E4-BE67-7FFEDA50AA5E}.Release|Any CPU.ActiveCfg = Release|Any CPU
		{44760BCB-DBD9-40E4-BE67-7FFEDA50AA5E}.Release|Any CPU.Build.0 = Release|Any CPU
	EndGlobalSection
	GlobalSection(SolutionProperties) = preSolution
		HideSolutionNode = FALSE
	EndGlobalSection
	GlobalSection(ExtensibilityGlobals) = postSolution
		SolutionGuid = {7F9B4626-8742-4EBC-A4A7-D0F9AEB88616}
	EndGlobalSection
EndGlobal
